
Microsoft Visual Studio Solution File, Format Version 12.00
# Visual Studio 15
VisualStudioVersion = 15.0.28307.329
MinimumVisualStudioVersion = 10.0.40219.1
Project("{9A19103F-16F7-4668-BE54-9A1E7A4F7556}") = "XFramework.Configuration.Client", "XFramework.Configuration.Client\XFramework.Configuration.Client.csproj", "{1FC06987-1063-4E61-921A-7334D248FF01}"
EndProject
Global
	GlobalSection(SolutionConfigurationPlatforms) = preSolution
		Debug|Any CPU = Debug|Any CPU
		Release|Any CPU = Release|Any CPU
	EndGlobalSection
	GlobalSection(ProjectConfigurationPlatforms) = postSolution
		{1FC06987-1063-4E61-921A-7334D248FF01}.Debug|Any CPU.ActiveCfg = Debug|Any CPU
		{1FC06987-1063-4E61-921A-7334D248FF01}.Debug|Any CPU.Build.0 = Debug|Any CPU
		{1FC06987-1063-4E61-921A-7334D248FF01}.Release|Any CPU.ActiveCfg = Release|Any CPU
		{1FC06987-1063-4E61-921A-7334D248FF01}.Release|Any CPU.Build.0 = Release|Any CPU
	EndGlobalSection
	GlobalSection(SolutionProperties) = preSolution
		HideSolutionNode = FALSE
	EndGlobalSection
	GlobalSection(ExtensibilityGlobals) = postSolution
		SolutionGuid = {6174E3EE-6449-41BC-B5BB-3CB755E6B20E}
	EndGlobalSection
EndGlobal
