
Microsoft Visual Studio Solution File, Format Version 12.00
# Visual Studio 15
VisualStudioVersion = 15.0.28307.329
MinimumVisualStudioVersion = 10.0.40219.1
Project("{FAE04EC0-301F-11D3-BF4B-00C04F79EFBC}") = "XFramework.Bom", "XFramework.Bom\XFramework.Bom.csproj", "{5ED37C02-D4F3-4AF9-8DD2-FB50CAECF3F7}"
EndProject
Global
	GlobalSection(SolutionConfigurationPlatforms) = preSolution
		Debug|Any CPU = Debug|Any CPU
		Release|Any CPU = Release|Any CPU
	EndGlobalSection
	GlobalSection(ProjectConfigurationPlatforms) = postSolution
		{5ED37C02-D4F3-4AF9-8DD2-FB50CAECF3F7}.Debug|Any CPU.ActiveCfg = Debug|Any CPU
		{5ED37C02-D4F3-4AF9-8DD2-FB50CAECF3F7}.Debug|Any CPU.Build.0 = Debug|Any CPU
		{5ED37C02-D4F3-4AF9-8DD2-FB50CAECF3F7}.Release|Any CPU.ActiveCfg = Release|Any CPU
		{5ED37C02-D4F3-4AF9-8DD2-FB50CAECF3F7}.Release|Any CPU.Build.0 = Release|Any CPU
	EndGlobalSection
	GlobalSection(SolutionProperties) = preSolution
		HideSolutionNode = FALSE
	EndGlobalSection
	GlobalSection(ExtensibilityGlobals) = postSolution
		SolutionGuid = {DB33F498-6833-4128-AEED-15CDFF027691}
	EndGlobalSection
EndGlobal
