
Microsoft Visual Studio Solution File, Format Version 12.00
# Visual Studio 15
VisualStudioVersion = 15.0.28307.329
MinimumVisualStudioVersion = 10.0.40219.1
Project("{9A19103F-16F7-4668-BE54-9A1E7A4F7556}") = "XFramework.Core", "XFramework.Core\XFramework.Core.csproj", "{B7AF9521-5B64-4AA3-9FA4-56566ED53BFF}"
EndProject
Global
	GlobalSection(SolutionConfigurationPlatforms) = preSolution
		Debug|Any CPU = Debug|Any CPU
		Release|Any CPU = Release|Any CPU
	EndGlobalSection
	GlobalSection(ProjectConfigurationPlatforms) = postSolution
		{B7AF9521-5B64-4AA3-9FA4-56566ED53BFF}.Debug|Any CPU.ActiveCfg = Debug|Any CPU
		{B7AF9521-5B64-4AA3-9FA4-56566ED53BFF}.Debug|Any CPU.Build.0 = Debug|Any CPU
		{B7AF9521-5B64-4AA3-9FA4-56566ED53BFF}.Release|Any CPU.ActiveCfg = Release|Any CPU
		{B7AF9521-5B64-4AA3-9FA4-56566ED53BFF}.Release|Any CPU.Build.0 = Release|Any CPU
	EndGlobalSection
	GlobalSection(SolutionProperties) = preSolution
		HideSolutionNode = FALSE
	EndGlobalSection
	GlobalSection(ExtensibilityGlobals) = postSolution
		SolutionGuid = {09869A0D-C6FC-4FE6-8094-0311D39CC984}
	EndGlobalSection
EndGlobal
